// !$*UTF8*$!
{
	archiveVersion = 1;
	classes = {
	};
	objectVersion = 50;
	objects = {

/* Begin PBXBuildFile section */
		ED5444D5258800F70051BFB5 /* AppDelegate.swift in Sources */ = {isa = PBXBuildFile; fileRef = ED5444D4258800F70051BFB5 /* AppDelegate.swift */; };
		ED5444D7258800F70051BFB5 /* SceneDelegate.swift in Sources */ = {isa = PBXBuildFile; fileRef = ED5444D6258800F70051BFB5 /* SceneDelegate.swift */; };
		ED5444D9258800F70051BFB5 /* ContentView.swift in Sources */ = {isa = PBXBuildFile; fileRef = ED5444D8258800F70051BFB5 /* ContentView.swift */; };
		ED5444DB258800FB0051BFB5 /* Assets.xcassets in Resources */ = {isa = PBXBuildFile; fileRef = ED5444DA258800FB0051BFB5 /* Assets.xcassets */; };
		ED5444DE258800FB0051BFB5 /* Preview Assets.xcassets in Resources */ = {isa = PBXBuildFile; fileRef = ED5444DD258800FB0051BFB5 /* Preview Assets.xcassets */; };
		ED5444E1258800FB0051BFB5 /* LaunchScreen.storyboard in Resources */ = {isa = PBXBuildFile; fileRef = ED5444DF258800FB0051BFB5 /* LaunchScreen.storyboard */; };
		ED5444E9258808BC0051BFB5 /* start.txt in Resources */ = {isa = PBXBuildFile; fileRef = ED5444E8258808BC0051BFB5 /* start.txt */; };
/* End PBXBuildFile section */

/* Begin PBXFileReference section */
		ED5444D1258800F70051BFB5 /* WordScramble - project.app */ = {isa = PBXFileReference; explicitFileType = wrapper.application; includeInIndex = 0; path = "WordScramble - project.app"; sourceTree = BUILT_PRODUCTS_DIR; };
		ED5444D4258800F70051BFB5 /* AppDelegate.swift */ = {isa = PBXFileReference; lastKnownFileType = sourcecode.swift; path = AppDelegate.swift; sourceTree = "<group>"; };
		ED5444D6258800F70051BFB5 /* SceneDelegate.swift */ = {isa = PBXFileReference; lastKnownFileType = sourcecode.swift; path = SceneDelegate.swift; sourceTree = "<group>"; };
		ED5444D8258800F70051BFB5 /* ContentView.swift */ = {isa = PBXFileReference; lastKnownFileType = sourcecode.swift; path = ContentView.swift; sourceTree = "<group>"; };
		ED5444DA258800FB0051BFB5 /* Assets.xcassets */ = {isa = PBXFileReference; lastKnownFileType = folder.assetcatalog; path = Assets.xcassets; sourceTree = "<group>"; };
		ED5444DD258800FB0051BFB5 /* Preview Assets.xcassets */ = {isa = PBXFileReference; lastKnownFileType = folder.assetcatalog; path = "Preview Assets.xcassets"; sourceTree = "<group>"; };
		ED5444E0258800FB0051BFB5 /* Base */ = {isa = PBXFileReference; lastKnownFileType = file.storyboard; name = Base; path = Base.lproj/LaunchScreen.storyboard; sourceTree = "<group>"; };
		ED5444E2258800FB0051BFB5 /* Info.plist */ = {isa = PBXFileReference; lastKnownFileType = text.plist.xml; path = Info.plist; sourceTree = "<group>"; };
		ED5444E8258808BC0051BFB5 /* start.txt */ = {isa = PBXFileReference; fileEncoding = 4; lastKnownFileType = text; path = start.txt; sourceTree = "<group>"; };
/* End PBXFileReference section */

/* Begin PBXFrameworksBuildPhase section */
		ED5444CE258800F60051BFB5 /* Frameworks */ = {
			isa = PBXFrameworksBuildPhase;
			buildActionMask = 2147483647;
			files = (
			);
			runOnlyForDeploymentPostprocessing = 0;
		};
/* End PBXFrameworksBuildPhase section */

/* Begin PBXGroup section */
		ED5444C8258800F60051BFB5 = {
			isa = PBXGroup;
			children = (
				ED5444D3258800F70051BFB5 /* WordScramble - project */,
				ED5444D2258800F70051BFB5 /* Products */,
			);
			sourceTree = "<group>";
		};
		ED5444D2258800F70051BFB5 /* Products */ = {
			isa = PBXGroup;
			children = (
				ED5444D1258800F70051BFB5 /* WordScramble - project.app */,
			);
			name = Products;
			sourceTree = "<group>";
		};
		ED5444D3258800F70051BFB5 /* WordScramble - project */ = {
			isa = PBXGroup;
			children = (
				ED5444D4258800F70051BFB5 /* AppDelegate.swift */,
				ED5444D6258800F70051BFB5 /* SceneDelegate.swift */,
				ED5444D8258800F70051BFB5 /* ContentView.swift */,
				ED5444DA258800FB0051BFB5 /* Assets.xcassets */,
				ED5444DF258800FB0051BFB5 /* LaunchScreen.storyboard */,
				ED5444E2258800FB0051BFB5 /* Info.plist */,
				ED5444E8258808BC0051BFB5 /* start.txt */,
				ED5444DC258800FB0051BFB5 /* Preview Content */,
			);
			path = "WordScramble - project";
			sourceTree = "<group>";
		};
		ED5444DC258800FB0051BFB5 /* Preview Content */ = {
			isa = PBXGroup;
			children = (
				ED5444DD258800FB0051BFB5 /* Preview Assets.xcassets */,
			);
			path = "Preview Content";
			sourceTree = "<group>";
		};
/* End PBXGroup section */

/* Begin PBXNativeTarget section */
		ED5444D0258800F60051BFB5 /* WordScramble - project */ = {
			isa = PBXNativeTarget;
			buildConfigurationList = ED5444E5258800FB0051BFB5 /* Build configuration list for PBXNativeTarget "WordScramble - project" */;
			buildPhases = (
				ED5444CD258800F60051BFB5 /* Sources */,
				ED5444CE258800F60051BFB5 /* Frameworks */,
				ED5444CF258800F60051BFB5 /* Resources */,
			);
			buildRules = (
			);
			dependencies = (
			);
			name = "WordScramble - project";
			productName = "WordScramble - project";
			productReference = ED5444D1258800F70051BFB5 /* WordScramble - project.app */;
			productType = "com.apple.product-type.application";
		};
/* End PBXNativeTarget section */

/* Begin PBXProject section */
		ED5444C9258800F60051BFB5 /* Project object */ = {
			isa = PBXProject;
			attributes = {
				LastSwiftUpdateCheck = 1140;
				LastUpgradeCheck = 1140;
				ORGANIZATIONNAME = "Vishnu akhil Upparapalle";
				TargetAttributes = {
					ED5444D0258800F60051BFB5 = {
						CreatedOnToolsVersion = 11.4;
					};
				};
			};
			buildConfigurationList = ED5444CC258800F60051BFB5 /* Build configuration list for PBXProject "WordScramble - project" */;
			compatibilityVersion = "Xcode 9.3";
			developmentRegion = en;
			hasScannedForEncodings = 0;
			knownRegions = (
				en,
				Base,
			);
			mainGroup = ED5444C8258800F60051BFB5;
			productRefGroup = ED5444D2258800F70051BFB5 /* Products */;
			projectDirPath = "";
			projectRoot = "";
			targets = (
				ED5444D0258800F60051BFB5 /* WordScramble - project */,
			);
		};
/* End PBXProject section */

/* Begin PBXResourcesBuildPhase section */
		ED5444CF258800F60051BFB5 /* Resources */ = {
			isa = PBXResourcesBuildPhase;
			buildActionMask = 2147483647;
			files = (
				ED5444E1258800FB0051BFB5 /* LaunchScreen.storyboard in Resources */,
				ED5444E9258808BC0051BFB5 /* start.txt in Resources */,
				ED5444DE258800FB0051BFB5 /* Preview Assets.xcassets in Resources */,
				ED5444DB258800FB0051BFB5 /* Assets.xcassets in Resources */,
			);
			runOnlyForDeploymentPostprocessing = 0;
		};
/* End PBXResourcesBuildPhase section */

/* Begin PBXSourcesBuildPhase section */
		ED5444CD258800F60051BFB5 /* Sources */ = {
			isa = PBXSourcesBuildPhase;
			buildActionMask = 2147483647;
			files = (
				ED5444D5258800F70051BFB5 /* AppDelegate.swift in Sources */,
				ED5444D7258800F70051BFB5 /* SceneDelegate.swift in Sources */,
				ED5444D9258800F70051BFB5 /* ContentView.swift in Sources */,
			);
			runOnlyForDeploymentPostprocessing = 0;
		};
/* End PBXSourcesBuildPhase section */

/* Begin PBXVariantGroup section */
		ED5444DF258800FB0051BFB5 /* LaunchScreen.storyboard */ = {
			isa = PBXVariantGroup;
			children = (
				ED5444E0258800FB0051BFB5 /* Base */,
			);
			name = LaunchScreen.storyboard;
			sourceTree = "<group>";
		};
/* End PBXVariantGroup section */

/* Begin XCBuildConfiguration section */
		ED5444E3258800FB0051BFB5 /* Debug */ = {
			isa = XCBuildConfiguration;
			buildSettings = {
				ALWAYS_SEARCH_USER_PATHS = NO;
				CLANG_ANALYZER_NONNULL = YES;
				CLANG_ANALYZER_NUMBER_OBJECT_CONVERSION = YES_AGGRESSIVE;
				CLANG_CXX_LANGUAGE_STANDARD = "gnu++14";
				CLANG_CXX_LIBRARY = "libc++";
				CLANG_ENABLE_MODULES = YES;
				CLANG_ENABLE_OBJC_ARC = YES;
				CLANG_ENABLE_OBJC_WEAK = YES;
				CLANG_WARN_BLOCK_CAPTURE_AUTORELEASING = YES;
				CLANG_WARN_BOOL_CONVERSION = YES;
				CLANG_WARN_COMMA = YES;
				CLANG_WARN_CONSTANT_CONVERSION = YES;
				CLANG_WARN_DEPRECATED_OBJC_IMPLEMENTATIONS = YES;
				CLANG_WARN_DIRECT_OBJC_ISA_USAGE = YES_ERROR;
				CLANG_WARN_DOCUMENTATION_COMMENTS = YES;
				CLANG_WARN_EMPTY_BODY = YES;
				CLANG_WARN_ENUM_CONVERSION = YES;
				CLANG_WARN_INFINITE_RECURSION = YES;
				CLANG_WARN_INT_CONVERSION = YES;
				CLANG_WARN_NON_LITERAL_NULL_CONVERSION = YES;
				CLANG_WARN_OBJC_IMPLICIT_RETAIN_SELF = YES;
				CLANG_WARN_OBJC_LITERAL_CONVERSION = YES;
				CLANG_WARN_OBJC_ROOT_CLASS = YES_ERROR;
				CLANG_WARN_RANGE_LOOP_ANALYSIS = YES;
				CLANG_WARN_STRICT_PROTOTYPES = YES;
				CLANG_WARN_SUSPICIOUS_MOVE = YES;
				CLANG_WARN_UNGUARDED_AVAILABILITY = YES_AGGRESSIVE;
				CLANG_WARN_UNREACHABLE_CODE = YES;
				CLANG_WARN__DUPLICATE_METHOD_MATCH = YES;
				COPY_PHASE_STRIP = NO;
				DEBUG_INFORMATION_FORMAT = dwarf;
				ENABLE_STRICT_OBJC_MSGSEND = YES;
				ENABLE_TESTABILITY = YES;
				GCC_C_LANGUAGE_STANDARD = gnu11;
				GCC_DYNAMIC_NO_PIC = NO;
				GCC_NO_COMMON_BLOCKS = YES;
				GCC_OPTIMIZATION_LEVEL = 0;
				GCC_PREPROCESSOR_DEFINITIONS = (
					"DEBUG=1",
					"$(inherited)",
				);
				GCC_WARN_64_TO_32_BIT_CONVERSION = YES;
				GCC_WARN_ABOUT_RETURN_TYPE = YES_ERROR;
				GCC_WARN_UNDECLARED_SELECTOR = YES;
				GCC_WARN_UNINITIALIZED_AUTOS = YES_AGGRESSIVE;
				GCC_WARN_UNUSED_FUNCTION = YES;
				GCC_WARN_UNUSED_VARIABLE = YES;
				IPHONEOS_DEPLOYMENT_TARGET = 13.4;
				MTL_ENABLE_DEBUG_INFO = INCLUDE_SOURCE;
				MTL_FAST_MATH = YES;
				ONLY_ACTIVE_ARCH = YES;
				SDKROOT = iphoneos;
				SWIFT_ACTIVE_COMPILATION_CONDITIONS = DEBUG;
				SWIFT_OPTIMIZATION_LEVEL = "-Onone";
			};
			name = Debug;
		};
		ED5444E4258800FB0051BFB5 /* Release */ = {
			isa = XCBuildConfiguration;
			buildSettings = {
				ALWAYS_SEARCH_USER_PATHS = NO;
				CLANG_ANALYZER_NONNULL = YES;
				CLANG_ANALYZER_NUMBER_OBJECT_CONVERSION = YES_AGGRESSIVE;
				CLANG_CXX_LANGUAGE_STANDARD = "gnu++14";
				CLANG_CXX_LIBRARY = "libc++";
				CLANG_ENABLE_MODULES = YES;
				CLANG_ENABLE_OBJC_ARC = YES;
				CLANG_ENABLE_OBJC_WEAK = YES;
				CLANG_WARN_BLOCK_CAPTURE_AUTORELEASING = YES;
				CLANG_WARN_BOOL_CONVERSION = YES;
				CLANG_WARN_COMMA = YES;
				CLANG_WARN_CONSTANT_CONVERSION = YES;
				CLANG_WARN_DEPRECATED_OBJC_IMPLEMENTATIONS = YES;
				CLANG_WARN_DIRECT_OBJC_ISA_USAGE = YES_ERROR;
				CLANG_WARN_DOCUMENTATION_COMMENTS = YES;
				CLANG_WARN_EMPTY_BODY = YES;
				CLANG_WARN_ENUM_CONVERSION = YES;
				CLANG_WARN_INFINITE_RECURSION = YES;
				CLANG_WARN_INT_CONVERSION = YES;
				CLANG_WARN_NON_LITERAL_NULL_CONVERSION = YES;
				CLANG_WARN_OBJC_IMPLICIT_RETAIN_SELF = YES;
				CLANG_WARN_OBJC_LITERAL_CONVERSION = YES;
				CLANG_WARN_OBJC_ROOT_CLASS = YES_ERROR;
				CLANG_WARN_RANGE_LOOP_ANALYSIS = YES;
				CLANG_WARN_STRICT_PROTOTYPES = YES;
				CLANG_WARN_SUSPICIOUS_MOVE = YES;
				CLANG_WARN_UNGUARDED_AVAILABILITY = YES_AGGRESSIVE;
				CLANG_WARN_UNREACHABLE_CODE = YES;
				CLANG_WARN__DUPLICATE_METHOD_MATCH = YES;
				COPY_PHASE_STRIP = NO;
				DEBUG_INFORMATION_FORMAT = "dwarf-with-dsym";
				ENABLE_NS_ASSERTIONS = NO;
				ENABLE_STRICT_OBJC_MSGSEND = YES;
				GCC_C_LANGUAGE_STANDARD = gnu11;
				GCC_NO_COMMON_BLOCKS = YES;
				GCC_WARN_64_TO_32_BIT_CONVERSION = YES;
				GCC_WARN_ABOUT_RETURN_TYPE = YES_ERROR;
				GCC_WARN_UNDECLARED_SELECTOR = YES;
				GCC_WARN_UNINITIALIZED_AUTOS = YES_AGGRESSIVE;
				GCC_WARN_UNUSED_FUNCTION = YES;
				GCC_WARN_UNUSED_VARIABLE = YES;
				IPHONEOS_DEPLOYMENT_TARGET = 13.4;
				MTL_ENABLE_DEBUG_INFO = NO;
				MTL_FAST_MATH = YES;
				SDKROOT = iphoneos;
				SWIFT_COMPILATION_MODE = wholemodule;
				SWIFT_OPTIMIZATION_LEVEL = "-O";
				VALIDATE_PRODUCT = YES;
			};
			name = Release;
		};
		ED5444E6258800FB0051BFB5 /* Debug */ = {
			isa = XCBuildConfiguration;
			buildSettings = {
				ASSETCATALOG_COMPILER_APPICON_NAME = AppIcon;
				CODE_SIGN_STYLE = Automatic;
				DEVELOPMENT_ASSET_PATHS = "\"WordScramble - project/Preview Content\"";
				DEVELOPMENT_TEAM = 3VDR5RTGU8;
				ENABLE_PREVIEWS = YES;
				INFOPLIST_FILE = "WordScramble - project/Info.plist";
				LD_RUNPATH_SEARCH_PATHS = (
					"$(inherited)",
					"@executable_path/Frameworks",
				);
				PRODUCT_BUNDLE_IDENTIFIER = "UTSvishnuLynda.WordScramble---project";
				PRODUCT_NAME = "$(TARGET_NAME)";
				SWIFT_VERSION = 5.0;
				TARGETED_DEVICE_FAMILY = "1,2";
			};
			name = Debug;
		};
		ED5444E7258800FB0051BFB5 /* Release */ = {
			isa = XCBuildConfiguration;
			buildSettings = {
				ASSETCATALOG_COMPILER_APPICON_NAME = AppIcon;
				CODE_SIGN_STYLE = Automatic;
				DEVELOPMENT_ASSET_PATHS = "\"WordScramble - project/Preview Content\"";
				DEVELOPMENT_TEAM = 3VDR5RTGU8;
				ENABLE_PREVIEWS = YES;
				INFOPLIST_FILE = "WordScramble - project/Info.plist";
				LD_RUNPATH_SEARCH_PATHS = (
					"$(inherited)",
					"@executable_path/Frameworks",
				);
				PRODUCT_BUNDLE_IDENTIFIER = "UTSvishnuLynda.WordScramble---project";
				PRODUCT_NAME = "$(TARGET_NAME)";
				SWIFT_VERSION = 5.0;
				TARGETED_DEVICE_FAMILY = "1,2";
			};
			name = Release;
		};
/* End XCBuildConfiguration section */

/* Begin XCConfigurationList section */
		ED5444CC258800F60051BFB5 /* Build configuration list for PBXProject "WordScramble - project" */ = {
			isa = XCConfigurationList;
			buildConfigurations = (
				ED5444E3258800FB0051BFB5 /* Debug */,
				ED5444E4258800FB0051BFB5 /* Release */,
			);
			defaultConfigurationIsVisible = 0;
			defaultConfigurationName = Release;
		};
		ED5444E5258800FB0051BFB5 /* Build configuration list for PBXNativeTarget "WordScramble - project" */ = {
			isa = XCConfigurationList;
			buildConfigurations = (
				ED5444E6258800FB0051BFB5 /* Debug */,
				ED5444E7258800FB0051BFB5 /* Release */,
			);
			defaultConfigurationIsVisible = 0;
			defaultConfigurationName = Release;
		};
/* End XCConfigurationList section */
	};
	rootObject = ED5444C9258800F60051BFB5 /* Project object */;
}
